
Microsoft Visual Studio Solution File, Format Version 12.00
# Visual Studio 15
VisualStudioVersion = 15.0.28307.705
MinimumVisualStudioVersion = 10.0.40219.1
Project("{FAE04EC0-301F-11D3-BF4B-00C04F79EFBC}") = "Projet_Reu", "Projet_Reu\Projet_Reu.csproj", "{7682B854-1CFD-4AF3-8D60-1F36A3DA4398}"
EndProject
Project("{00D1A9C2-B5F0-4AF3-8072-F6C62B433612}") = "BDD_Reu_V1", "BDD_Reu_V1\BDD_Reu_V1.sqlproj", "{6C67CE7D-408A-4469-B1AC-D2384CE3E93F}"
EndProject
Global
	GlobalSection(SolutionConfigurationPlatforms) = preSolution
		Debug|Any CPU = Debug|Any CPU
		Release|Any CPU = Release|Any CPU
	EndGlobalSection
	GlobalSection(ProjectConfigurationPlatforms) = postSolution
		{7682B854-1CFD-4AF3-8D60-1F36A3DA4398}.Debug|Any CPU.ActiveCfg = Debug|Any CPU
		{7682B854-1CFD-4AF3-8D60-1F36A3DA4398}.Debug|Any CPU.Build.0 = Debug|Any CPU
		{7682B854-1CFD-4AF3-8D60-1F36A3DA4398}.Release|Any CPU.ActiveCfg = Release|Any CPU
		{7682B854-1CFD-4AF3-8D60-1F36A3DA4398}.Release|Any CPU.Build.0 = Release|Any CPU
		{6C67CE7D-408A-4469-B1AC-D2384CE3E93F}.Debug|Any CPU.ActiveCfg = Debug|Any CPU
		{6C67CE7D-408A-4469-B1AC-D2384CE3E93F}.Debug|Any CPU.Build.0 = Debug|Any CPU
		{6C67CE7D-408A-4469-B1AC-D2384CE3E93F}.Debug|Any CPU.Deploy.0 = Debug|Any CPU
		{6C67CE7D-408A-4469-B1AC-D2384CE3E93F}.Release|Any CPU.ActiveCfg = Release|Any CPU
		{6C67CE7D-408A-4469-B1AC-D2384CE3E93F}.Release|Any CPU.Build.0 = Release|Any CPU
		{6C67CE7D-408A-4469-B1AC-D2384CE3E93F}.Release|Any CPU.Deploy.0 = Release|Any CPU
	EndGlobalSection
	GlobalSection(SolutionProperties) = preSolution
		HideSolutionNode = FALSE
	EndGlobalSection
	GlobalSection(ExtensibilityGlobals) = postSolution
		SolutionGuid = {356A2CE9-1F84-45F5-8DBE-FBA2CC87C39B}
	EndGlobalSection
EndGlobal
